github.com/davecgh/go-spew v1.1.1 h1:vj9j/u1bqnvCEfJOwUhtlOARqs3+rkHYY13jYWTU97c=
github.com/davecgh/go-spew v1.1.1/go.mod h1:J7Y8YcW2NihsgmVo/mv3lAwl/skON4iLHjSsI+c5H38=
github.com/go-sql-driver/mysql v1.7.1 h1:lUIinVbN1DY0xBg0eMOzmmtGoHwWBbvnWubQUrtU8EI=
github.com/go-sql-driver/mysql v1.7.1/go.mod h1:OXbVy3sEdcQ2Doequ6Z5BW6fXNQTmx+9S1MCJN5yJMI=
github.com/sijms/go-ora/v2 v2.7.19 h1:+p0V51zrnpchRIIfx9kcEFGNUXkC0q9uZiyh05tyybI=
github.com/sijms/go-ora/v2 v2.7.19/go.mod h1:EHxlY6x7y9HAsdfumurRfTd+v8NrEOTR3Xl4FWlH6xk=
